
Microsoft Visual Studio Solution File, Format Version 12.00
# Visual Studio Version 16
VisualStudioVersion = 16.0.29613.14
MinimumVisualStudioVersion = 10.0.40219.1
Project("{FAE04EC0-301F-11D3-BF4B-00C04F79EFBC}") = "WindowsFormsApp1", "WindowsFormsApp1\WindowsFormsApp1.csproj", "{23444A38-4E97-48E8-BB47-2AC020AB51A8}"
EndProject
Global
	GlobalSection(SolutionConfigurationPlatforms) = preSolution
		Debug|Any CPU = Debug|Any CPU
		Release|Any CPU = Release|Any CPU
	EndGlobalSection
	GlobalSection(ProjectConfigurationPlatforms) = postSolution
		{23444A38-4E97-48E8-BB47-2AC020AB51A8}.Debug|Any CPU.ActiveCfg = Debug|Any CPU
		{23444A38-4E97-48E8-BB47-2AC020AB51A8}.Debug|Any CPU.Build.0 = Debug|Any CPU
		{23444A38-4E97-48E8-BB47-2AC020AB51A8}.Release|Any CPU.ActiveCfg = Release|Any CPU
		{23444A38-4E97-48E8-BB47-2AC020AB51A8}.Release|Any CPU.Build.0 = Release|Any CPU
	EndGlobalSection
	GlobalSection(SolutionProperties) = preSolution
		HideSolutionNode = FALSE
	EndGlobalSection
	GlobalSection(ExtensibilityGlobals) = postSolution
		SolutionGuid = {EB0BB128-CD11-46BB-A92C-CCCE328EE79B}
	EndGlobalSection
EndGlobal
